
Microsoft Visual Studio Solution File, Format Version 12.00
# Visual Studio Version 17
VisualStudioVersion = 17.10.35013.160
MinimumVisualStudioVersion = 10.0.40219.1
Project("{FAE04EC0-301F-11D3-BF4B-00C04F79EFBC}") = "Formular2Spg", "Formular2Spg\Formular2Spg.csproj", "{D833001C-0D16-48CA-978D-B4957AC68C75}"
EndProject
Global
	GlobalSection(SolutionConfigurationPlatforms) = preSolution
		Debug|Any CPU = Debug|Any CPU
		Release|Any CPU = Release|Any CPU
	EndGlobalSection
	GlobalSection(ProjectConfigurationPlatforms) = postSolution
		{D833001C-0D16-48CA-978D-B4957AC68C75}.Debug|Any CPU.ActiveCfg = Debug|Any CPU
		{D833001C-0D16-48CA-978D-B4957AC68C75}.Debug|Any CPU.Build.0 = Debug|Any CPU
		{D833001C-0D16-48CA-978D-B4957AC68C75}.Release|Any CPU.ActiveCfg = Release|Any CPU
		{D833001C-0D16-48CA-978D-B4957AC68C75}.Release|Any CPU.Build.0 = Release|Any CPU
	EndGlobalSection
	GlobalSection(SolutionProperties) = preSolution
		HideSolutionNode = FALSE
	EndGlobalSection
	GlobalSection(ExtensibilityGlobals) = postSolution
		SolutionGuid = {58CF4090-1E22-49A4-925D-1F71BA9032FB}
	EndGlobalSection
EndGlobal
